
Microsoft Visual Studio Solution File, Format Version 12.00
Project("{2150E333-8FDC-42A3-9474-1A3956D46DE8}") = "Backend", "Backend", "{4E449459-97E3-4810-901B-87DFD868F628}"
EndProject
Project("{FAE04EC0-301F-11D3-BF4B-00C04F79EFBC}") = "HakatonBAGNET.Api", "Backend\Src\HakatonBAGNET.Api\HakatonBAGNET.Api.csproj", "{2FA1F313-9661-496C-83CC-AA85F1ECD8F4}"
EndProject
Project("{FAE04EC0-301F-11D3-BF4B-00C04F79EFBC}") = "HakatonBAGNET.Application", "Backend\Src\HakatonBAGNET.Application\HakatonBAGNET.Application.csproj", "{835C028E-4209-4225-893E-D6F18BF034EF}"
EndProject
Project("{FAE04EC0-301F-11D3-BF4B-00C04F79EFBC}") = "HakatonBAGNET.Infra", "Backend\Src\HakatonBAGNET.Infra\HakatonBAGNET.Infra.csproj", "{94716910-6C2D-4952-B395-2A9CE94A9D3B}"
EndProject
Project("{FAE04EC0-301F-11D3-BF4B-00C04F79EFBC}") = "HakatonBAGNET.Domain", "Backend\Src\HakatonBAGNET.Domain\HakatonBAGNET.Domain.csproj", "{C4B0F23D-D2C4-44ED-90E2-DDF4874558CE}"
EndProject
Project("{2150E333-8FDC-42A3-9474-1A3956D46DE8}") = "Shared", "Shared", "{A3EDC275-9B94-41B5-8434-A9F480A0A50C}"
EndProject
Project("{FAE04EC0-301F-11D3-BF4B-00C04F79EFBC}") = "HakatonBAGNET.Models", "Shared\Src\HakatonBAGNET.Models\HakatonBAGNET.Models.csproj", "{397DAD8D-3620-4BF6-A521-E3BB4DD28513}"
EndProject
Global
	GlobalSection(SolutionConfigurationPlatforms) = preSolution
		Debug|Any CPU = Debug|Any CPU
		Release|Any CPU = Release|Any CPU
	EndGlobalSection
	GlobalSection(NestedProjects) = preSolution
		{2FA1F313-9661-496C-83CC-AA85F1ECD8F4} = {4E449459-97E3-4810-901B-87DFD868F628}
		{835C028E-4209-4225-893E-D6F18BF034EF} = {4E449459-97E3-4810-901B-87DFD868F628}
		{94716910-6C2D-4952-B395-2A9CE94A9D3B} = {4E449459-97E3-4810-901B-87DFD868F628}
		{C4B0F23D-D2C4-44ED-90E2-DDF4874558CE} = {4E449459-97E3-4810-901B-87DFD868F628}
		{397DAD8D-3620-4BF6-A521-E3BB4DD28513} = {A3EDC275-9B94-41B5-8434-A9F480A0A50C}
	EndGlobalSection
	GlobalSection(ProjectConfigurationPlatforms) = postSolution
		{2FA1F313-9661-496C-83CC-AA85F1ECD8F4}.Debug|Any CPU.ActiveCfg = Debug|Any CPU
		{2FA1F313-9661-496C-83CC-AA85F1ECD8F4}.Debug|Any CPU.Build.0 = Debug|Any CPU
		{2FA1F313-9661-496C-83CC-AA85F1ECD8F4}.Release|Any CPU.ActiveCfg = Release|Any CPU
		{2FA1F313-9661-496C-83CC-AA85F1ECD8F4}.Release|Any CPU.Build.0 = Release|Any CPU
		{835C028E-4209-4225-893E-D6F18BF034EF}.Debug|Any CPU.ActiveCfg = Debug|Any CPU
		{835C028E-4209-4225-893E-D6F18BF034EF}.Debug|Any CPU.Build.0 = Debug|Any CPU
		{835C028E-4209-4225-893E-D6F18BF034EF}.Release|Any CPU.ActiveCfg = Release|Any CPU
		{835C028E-4209-4225-893E-D6F18BF034EF}.Release|Any CPU.Build.0 = Release|Any CPU
		{94716910-6C2D-4952-B395-2A9CE94A9D3B}.Debug|Any CPU.ActiveCfg = Debug|Any CPU
		{94716910-6C2D-4952-B395-2A9CE94A9D3B}.Debug|Any CPU.Build.0 = Debug|Any CPU
		{94716910-6C2D-4952-B395-2A9CE94A9D3B}.Release|Any CPU.ActiveCfg = Release|Any CPU
		{94716910-6C2D-4952-B395-2A9CE94A9D3B}.Release|Any CPU.Build.0 = Release|Any CPU
		{C4B0F23D-D2C4-44ED-90E2-DDF4874558CE}.Debug|Any CPU.ActiveCfg = Debug|Any CPU
		{C4B0F23D-D2C4-44ED-90E2-DDF4874558CE}.Debug|Any CPU.Build.0 = Debug|Any CPU
		{C4B0F23D-D2C4-44ED-90E2-DDF4874558CE}.Release|Any CPU.ActiveCfg = Release|Any CPU
		{C4B0F23D-D2C4-44ED-90E2-DDF4874558CE}.Release|Any CPU.Build.0 = Release|Any CPU
		{397DAD8D-3620-4BF6-A521-E3BB4DD28513}.Debug|Any CPU.ActiveCfg = Debug|Any CPU
		{397DAD8D-3620-4BF6-A521-E3BB4DD28513}.Debug|Any CPU.Build.0 = Debug|Any CPU
		{397DAD8D-3620-4BF6-A521-E3BB4DD28513}.Release|Any CPU.ActiveCfg = Release|Any CPU
		{397DAD8D-3620-4BF6-A521-E3BB4DD28513}.Release|Any CPU.Build.0 = Release|Any CPU
	EndGlobalSection
EndGlobal
